
Microsoft Visual Studio Solution File, Format Version 12.00
# Visual Studio Version 16
VisualStudioVersion = 16.0.808.9
MinimumVisualStudioVersion = 10.0.40219.1
Project("{FAE04EC0-301F-11D3-BF4B-00C04F79EFBC}") = "XamFormsNathanDatePicker.Android", "XamFormsNathanDatePicker.Android\XamFormsNathanDatePicker.Android.csproj", "{A6A5B88C-F2AA-4B9E-AD9A-8378E997FFBC}"
EndProject
Project("{FAE04EC0-301F-11D3-BF4B-00C04F79EFBC}") = "XamFormsNathanDatePicker.iOS", "XamFormsNathanDatePicker.iOS\XamFormsNathanDatePicker.iOS.csproj", "{87548CBC-21CF-40BF-9453-28628836FB0A}"
EndProject
Project("{FAE04EC0-301F-11D3-BF4B-00C04F79EFBC}") = "XamFormsNathanDatePicker", "XamFormsNathanDatePicker\XamFormsNathanDatePicker.csproj", "{ED321D26-4BE1-4698-B116-7CF540D902AF}"
EndProject
Global
	GlobalSection(SolutionConfigurationPlatforms) = preSolution
		Debug|Any CPU = Debug|Any CPU
		Release|Any CPU = Release|Any CPU
		Debug|iPhoneSimulator = Debug|iPhoneSimulator
		Release|iPhoneSimulator = Release|iPhoneSimulator
		Debug|iPhone = Debug|iPhone
		Release|iPhone = Release|iPhone
	EndGlobalSection
	GlobalSection(ProjectConfigurationPlatforms) = postSolution
		{A6A5B88C-F2AA-4B9E-AD9A-8378E997FFBC}.Debug|Any CPU.ActiveCfg = Debug|Any CPU
		{A6A5B88C-F2AA-4B9E-AD9A-8378E997FFBC}.Debug|Any CPU.Build.0 = Debug|Any CPU
		{A6A5B88C-F2AA-4B9E-AD9A-8378E997FFBC}.Release|Any CPU.ActiveCfg = Release|Any CPU
		{A6A5B88C-F2AA-4B9E-AD9A-8378E997FFBC}.Release|Any CPU.Build.0 = Release|Any CPU
		{A6A5B88C-F2AA-4B9E-AD9A-8378E997FFBC}.Debug|iPhoneSimulator.ActiveCfg = Debug|Any CPU
		{A6A5B88C-F2AA-4B9E-AD9A-8378E997FFBC}.Debug|iPhoneSimulator.Build.0 = Debug|Any CPU
		{A6A5B88C-F2AA-4B9E-AD9A-8378E997FFBC}.Release|iPhoneSimulator.ActiveCfg = Release|Any CPU
		{A6A5B88C-F2AA-4B9E-AD9A-8378E997FFBC}.Release|iPhoneSimulator.Build.0 = Release|Any CPU
		{A6A5B88C-F2AA-4B9E-AD9A-8378E997FFBC}.Debug|iPhone.ActiveCfg = Debug|Any CPU
		{A6A5B88C-F2AA-4B9E-AD9A-8378E997FFBC}.Debug|iPhone.Build.0 = Debug|Any CPU
		{A6A5B88C-F2AA-4B9E-AD9A-8378E997FFBC}.Release|iPhone.ActiveCfg = Release|Any CPU
		{A6A5B88C-F2AA-4B9E-AD9A-8378E997FFBC}.Release|iPhone.Build.0 = Release|Any CPU
		{87548CBC-21CF-40BF-9453-28628836FB0A}.Debug|Any CPU.ActiveCfg = Debug|iPhoneSimulator
		{87548CBC-21CF-40BF-9453-28628836FB0A}.Debug|Any CPU.Build.0 = Debug|iPhoneSimulator
		{87548CBC-21CF-40BF-9453-28628836FB0A}.Release|Any CPU.ActiveCfg = Release|iPhoneSimulator
		{87548CBC-21CF-40BF-9453-28628836FB0A}.Release|Any CPU.Build.0 = Release|iPhoneSimulator
		{87548CBC-21CF-40BF-9453-28628836FB0A}.Debug|iPhoneSimulator.ActiveCfg = Debug|iPhoneSimulator
		{87548CBC-21CF-40BF-9453-28628836FB0A}.Debug|iPhoneSimulator.Build.0 = Debug|iPhoneSimulator
		{87548CBC-21CF-40BF-9453-28628836FB0A}.Release|iPhoneSimulator.ActiveCfg = Release|iPhoneSimulator
		{87548CBC-21CF-40BF-9453-28628836FB0A}.Release|iPhoneSimulator.Build.0 = Release|iPhoneSimulator
		{87548CBC-21CF-40BF-9453-28628836FB0A}.Debug|iPhone.ActiveCfg = Debug|iPhone
		{87548CBC-21CF-40BF-9453-28628836FB0A}.Debug|iPhone.Build.0 = Debug|iPhone
		{87548CBC-21CF-40BF-9453-28628836FB0A}.Release|iPhone.ActiveCfg = Release|iPhone
		{87548CBC-21CF-40BF-9453-28628836FB0A}.Release|iPhone.Build.0 = Release|iPhone
		{ED321D26-4BE1-4698-B116-7CF540D902AF}.Debug|Any CPU.ActiveCfg = Debug|Any CPU
		{ED321D26-4BE1-4698-B116-7CF540D902AF}.Debug|Any CPU.Build.0 = Debug|Any CPU
		{ED321D26-4BE1-4698-B116-7CF540D902AF}.Release|Any CPU.ActiveCfg = Release|Any CPU
		{ED321D26-4BE1-4698-B116-7CF540D902AF}.Release|Any CPU.Build.0 = Release|Any CPU
		{ED321D26-4BE1-4698-B116-7CF540D902AF}.Debug|iPhoneSimulator.ActiveCfg = Debug|Any CPU
		{ED321D26-4BE1-4698-B116-7CF540D902AF}.Debug|iPhoneSimulator.Build.0 = Debug|Any CPU
		{ED321D26-4BE1-4698-B116-7CF540D902AF}.Release|iPhoneSimulator.ActiveCfg = Release|Any CPU
		{ED321D26-4BE1-4698-B116-7CF540D902AF}.Release|iPhoneSimulator.Build.0 = Release|Any CPU
		{ED321D26-4BE1-4698-B116-7CF540D902AF}.Debug|iPhone.ActiveCfg = Debug|Any CPU
		{ED321D26-4BE1-4698-B116-7CF540D902AF}.Debug|iPhone.Build.0 = Debug|Any CPU
		{ED321D26-4BE1-4698-B116-7CF540D902AF}.Release|iPhone.ActiveCfg = Release|Any CPU
		{ED321D26-4BE1-4698-B116-7CF540D902AF}.Release|iPhone.Build.0 = Release|Any CPU
	EndGlobalSection
	GlobalSection(SolutionProperties) = preSolution
		HideSolutionNode = FALSE
	EndGlobalSection
	GlobalSection(ExtensibilityGlobals) = postSolution
		SolutionGuid = {FE8351E1-02AC-46A0-9D12-B2321100CA0B}
	EndGlobalSection
EndGlobal
